
Microsoft Visual Studio Solution File, Format Version 12.00
# Visual Studio Version 16
VisualStudioVersion = 16.0.32126.315
MinimumVisualStudioVersion = 10.0.40219.1
Project("{FAE04EC0-301F-11D3-BF4B-00C04F79EFBC}") = "CarAutotests", "CarAutotests\CarAutotests.csproj", "{E4EB6555-8EC5-405B-9D86-6CDB078502D0}"
EndProject
Global
	GlobalSection(SolutionConfigurationPlatforms) = preSolution
		Debug|Any CPU = Debug|Any CPU
		Release|Any CPU = Release|Any CPU
	EndGlobalSection
	GlobalSection(ProjectConfigurationPlatforms) = postSolution
		{E4EB6555-8EC5-405B-9D86-6CDB078502D0}.Debug|Any CPU.ActiveCfg = Debug|Any CPU
		{E4EB6555-8EC5-405B-9D86-6CDB078502D0}.Debug|Any CPU.Build.0 = Debug|Any CPU
		{E4EB6555-8EC5-405B-9D86-6CDB078502D0}.Release|Any CPU.ActiveCfg = Release|Any CPU
		{E4EB6555-8EC5-405B-9D86-6CDB078502D0}.Release|Any CPU.Build.0 = Release|Any CPU
	EndGlobalSection
	GlobalSection(SolutionProperties) = preSolution
		HideSolutionNode = FALSE
	EndGlobalSection
	GlobalSection(ExtensibilityGlobals) = postSolution
		SolutionGuid = {0B594F51-671B-4F4F-9FE1-2BF3A19B28ED}
	EndGlobalSection
EndGlobal
